Microsoft Visual Studio Solution File, Format Version 12.00
# Visual Studio 2012
Project("{FAE04EC0-301F-11D3-BF4B-00C04F79EFBC}") = "godot-sample", "godot-sample.csproj", "{34B22AB7-874E-487E-9899-FB9D0208C0A0}"
EndProject
Global
	GlobalSection(SolutionConfigurationPlatforms) = preSolution
	Debug|Any CPU = Debug|Any CPU
	ExportDebug|Any CPU = ExportDebug|Any CPU
	ExportRelease|Any CPU = ExportRelease|Any CPU
	EndGlobalSection
	GlobalSection(ProjectConfigurationPlatforms) = postSolution
		{34B22AB7-874E-487E-9899-FB9D0208C0A0}.Debug|Any CPU.ActiveCfg = Debug|Any CPU
		{34B22AB7-874E-487E-9899-FB9D0208C0A0}.Debug|Any CPU.Build.0 = Debug|Any CPU
		{34B22AB7-874E-487E-9899-FB9D0208C0A0}.ExportDebug|Any CPU.ActiveCfg = ExportDebug|Any CPU
		{34B22AB7-874E-487E-9899-FB9D0208C0A0}.ExportDebug|Any CPU.Build.0 = ExportDebug|Any CPU
		{34B22AB7-874E-487E-9899-FB9D0208C0A0}.ExportRelease|Any CPU.ActiveCfg = ExportRelease|Any CPU
		{34B22AB7-874E-487E-9899-FB9D0208C0A0}.ExportRelease|Any CPU.Build.0 = ExportRelease|Any CPU
	EndGlobalSection
EndGlobal
